
Microsoft Visual Studio Solution File, Format Version 12.00
# Visual Studio Version 17
VisualStudioVersion = 17.2.32616.157
MinimumVisualStudioVersion = 10.0.40219.1
Project("{FAE04EC0-301F-11D3-BF4B-00C04F79EFBC}") = "SimpleExample", "SimpleExample\SimpleExample.csproj", "{BA3AFB9D-0E92-495C-8D38-E41F1C6237AF}"
EndProject
Global
	GlobalSection(SolutionConfigurationPlatforms) = preSolution
		Debug|Any CPU = Debug|Any CPU
		Release|Any CPU = Release|Any CPU
	EndGlobalSection
	GlobalSection(ProjectConfigurationPlatforms) = postSolution
		{BA3AFB9D-0E92-495C-8D38-E41F1C6237AF}.Debug|Any CPU.ActiveCfg = Debug|Any CPU
		{BA3AFB9D-0E92-495C-8D38-E41F1C6237AF}.Debug|Any CPU.Build.0 = Debug|Any CPU
		{BA3AFB9D-0E92-495C-8D38-E41F1C6237AF}.Release|Any CPU.ActiveCfg = Release|Any CPU
		{BA3AFB9D-0E92-495C-8D38-E41F1C6237AF}.Release|Any CPU.Build.0 = Release|Any CPU
	EndGlobalSection
	GlobalSection(SolutionProperties) = preSolution
		HideSolutionNode = FALSE
	EndGlobalSection
	GlobalSection(ExtensibilityGlobals) = postSolution
		SolutionGuid = {7B1D4C46-970E-4D76-BEAA-0C72110D4D5B}
	EndGlobalSection
EndGlobal
